// !$*UTF8*$!
{
	archiveVersion = 1;
	classes = {
	};
	objectVersion = 46;
	objects = {

/* Begin PBXBuildFile section */
		0429E6991DDB034A0077EA75 /* UIViewController+Method.m in Sources */ = {isa = PBXBuildFile; fileRef = 0429E6961DDB034A0077EA75 /* UIViewController+Method.m */; };
		0429E69A1DDB034A0077EA75 /* ViewController.m in Sources */ = {isa = PBXBuildFile; fileRef = 0429E6981DDB034A0077EA75 /* ViewController.m */; };
		0429E69F1DDB03520077EA75 /* UIAlertController+MYXG.m in Sources */ = {isa = PBXBuildFile; fileRef = 0429E69E1DDB03520077EA75 /* UIAlertController+MYXG.m */; };
		1803CDE91DDC2A040063BC7F /* MYXG-UpdateApp.m in Sources */ = {isa = PBXBuildFile; fileRef = 1803CDE81DDC2A030063BC7F /* MYXG-UpdateApp.m */; };
		1803CDF11DDC417A0063BC7F /* SJDFilterTool.m in Sources */ = {isa = PBXBuildFile; fileRef = 1803CDF01DDC417A0063BC7F /* SJDFilterTool.m */; };
		1803CDF41DDC41BC0063BC7F /* UIImage+SJD.m in Sources */ = {isa = PBXBuildFile; fileRef = 1803CDF31DDC41BC0063BC7F /* UIImage+SJD.m */; };
		1803CDF81DDC54AF0063BC7F /* ChangePageView.m in Sources */ = {isa = PBXBuildFile; fileRef = 1803CDF71DDC54AF0063BC7F /* ChangePageView.m */; };
		1803CE141DDC58B40063BC7F /* Info.plist in Resources */ = {isa = PBXBuildFile; fileRef = 1803CDFA1DDC58B40063BC7F /* Info.plist */; };
		1803CE151DDC58B40063BC7F /* MASCompositeConstraint.m in Sources */ = {isa = PBXBuildFile; fileRef = 1803CDFC1DDC58B40063BC7F /* MASCompositeConstraint.m */; };
		1803CE161DDC58B40063BC7F /* MASConstraint.m in Sources */ = {isa = PBXBuildFile; fileRef = 1803CDFF1DDC58B40063BC7F /* MASConstraint.m */; };
		1803CE171DDC58B40063BC7F /* MASConstraintMaker.m in Sources */ = {isa = PBXBuildFile; fileRef = 1803CE011DDC58B40063BC7F /* MASConstraintMaker.m */; };
		1803CE181DDC58B40063BC7F /* MASLayoutConstraint.m in Sources */ = {isa = PBXBuildFile; fileRef = 1803CE031DDC58B40063BC7F /* MASLayoutConstraint.m */; };
		1803CE191DDC58B40063BC7F /* MASViewAttribute.m in Sources */ = {isa = PBXBuildFile; fileRef = 1803CE071DDC58B40063BC7F /* MASViewAttribute.m */; };
		1803CE1A1DDC58B40063BC7F /* MASViewConstraint.m in Sources */ = {isa = PBXBuildFile; fileRef = 1803CE091DDC58B40063BC7F /* MASViewConstraint.m */; };
		1803CE1B1DDC58B40063BC7F /* NSArray+MASAdditions.m in Sources */ = {isa = PBXBuildFile; fileRef = 1803CE0B1DDC58B40063BC7F /* NSArray+MASAdditions.m */; };
		1803CE1C1DDC58B40063BC7F /* NSLayoutConstraint+MASDebugAdditions.m in Sources */ = {isa = PBXBuildFile; fileRef = 1803CE0E1DDC58B40063BC7F /* NSLayoutConstraint+MASDebugAdditions.m */; };
		1803CE1D1DDC58B40063BC7F /* View+MASAdditions.m in Sources */ = {isa = PBXBuildFile; fileRef = 1803CE101DDC58B40063BC7F /* View+MASAdditions.m */; };
		1803CE1E1DDC58B40063BC7F /* ViewController+MASAdditions.m in Sources */ = {isa = PBXBuildFile; fileRef = 1803CE131DDC58B40063BC7F /* ViewController+MASAdditions.m */; };
		1803CE211DDC63FA0063BC7F /* LBToAppStore.m in Sources */ = {isa = PBXBuildFile; fileRef = 1803CE201DDC63FA0063BC7F /* LBToAppStore.m */; };
		18176FEB1DE423EB00039857 /* EnumClass.m in Sources */ = {isa = PBXBuildFile; fileRef = 18176FEA1DE423EB00039857 /* EnumClass.m */; };
		182E32411DDD4C130032648F /* CustomAlertView.m in Sources */ = {isa = PBXBuildFile; fileRef = 182E323E1DDD4C130032648F /* CustomAlertView.m */; };
		182E32421DDD4C130032648F /* GBverifyButton.m in Sources */ = {isa = PBXBuildFile; fileRef = 182E32401DDD4C130032648F /* GBverifyButton.m */; };
		182E32451DDD53DA0032648F /* CirclePercent.m in Sources */ = {isa = PBXBuildFile; fileRef = 182E32441DDD53DA0032648F /* CirclePercent.m */; };
		1837F0BC1DE28EAF00FCF651 /* Tool.m in Sources */ = {isa = PBXBuildFile; fileRef = 1837F0BB1DE28EAF00FCF651 /* Tool.m */; };
		18EBC99B1DDAE4B7000D02B8 /* main.m in Sources */ = {isa = PBXBuildFile; fileRef = 18EBC99A1DDAE4B7000D02B8 /* main.m */; };
		18EBC99E1DDAE4B7000D02B8 /* AppDelegate.m in Sources */ = {isa = PBXBuildFile; fileRef = 18EBC99D1DDAE4B7000D02B8 /* AppDelegate.m */; };
		18EBC9A41DDAE4B7000D02B8 /* Main.storyboard in Resources */ = {isa = PBXBuildFile; fileRef = 18EBC9A21DDAE4B7000D02B8 /* Main.storyboard */; };
		18EBC9A61DDAE4B7000D02B8 /* Assets.xcassets in Resources */ = {isa = PBXBuildFile; fileRef = 18EBC9A51DDAE4B7000D02B8 /* Assets.xcassets */; };
		18EBC9B51DDAE777000D02B8 /* Launch.storyboard in Resources */ = {isa = PBXBuildFile; fileRef = 18EBC9B41DDAE777000D02B8 /* Launch.storyboard */; };
		18EBC9B71DDAEBC5000D02B8 /* Source.plist in Resources */ = {isa = PBXBuildFile; fileRef = 18EBC9B61DDAEBC5000D02B8 /* Source.plist */; };
/* End PBXBuildFile section */

/* Begin PBXFileReference section */
		0429E6951DDB034A0077EA75 /* UIViewController+Method.h */ = {isa = PBXFileReference; fileEncoding = 4; lastKnownFileType = sourcecode.c.h; path = "UIViewController+Method.h"; sourceTree = "<group>"; };
		0429E6961DDB034A0077EA75 /* UIViewController+Method.m */ = {isa = PBXFileReference; fileEncoding = 4; lastKnownFileType = sourcecode.c.objc; path = "UIViewController+Method.m"; sourceTree = "<group>"; };
		0429E6971DDB034A0077EA75 /* ViewController.h */ = {isa = PBXFileReference; fileEncoding = 4; lastKnownFileType = sourcecode.c.h; path = ViewController.h; sourceTree = "<group>"; };
		0429E6981DDB034A0077EA75 /* ViewController.m */ = {isa = PBXFileReference; fileEncoding = 4; lastKnownFileType = sourcecode.c.objc; path = ViewController.m; sourceTree = "<group>"; };
		0429E69D1DDB03520077EA75 /* UIAlertController+MYXG.h */ = {isa = PBXFileReference; fileEncoding = 4; lastKnownFileType = sourcecode.c.h; path = "UIAlertController+MYXG.h"; sourceTree = "<group>"; };
		0429E69E1DDB03520077EA75 /* UIAlertController+MYXG.m */ = {isa = PBXFileReference; fileEncoding = 4; lastKnownFileType = sourcecode.c.objc; path = "UIAlertController+MYXG.m"; sourceTree = "<group>"; };
		1803CDE71DDC2A030063BC7F /* MYXG-UpdateApp.h */ = {isa = PBXFileReference; fileEncoding = 4; lastKnownFileType = sourcecode.c.h; path = "MYXG-UpdateApp.h"; sourceTree = "<group>"; };
		1803CDE81DDC2A030063BC7F /* MYXG-UpdateApp.m */ = {isa = PBXFileReference; fileEncoding = 4; lastKnownFileType = sourcecode.c.objc; path = "MYXG-UpdateApp.m"; sourceTree = "<group>"; };
		1803CDEF1DDC417A0063BC7F /* SJDFilterTool.h */ = {isa = PBXFileReference; fileEncoding = 4; lastKnownFileType = sourcecode.c.h; path = SJDFilterTool.h; sourceTree = "<group>"; };
		1803CDF01DDC417A0063BC7F /* SJDFilterTool.m */ = {isa = PBXFileReference; fileEncoding = 4; lastKnownFileType = sourcecode.c.objc; path = SJDFilterTool.m; sourceTree = "<group>"; };
		1803CDF21DDC41BC0063BC7F /* UIImage+SJD.h */ = {isa = PBXFileReference; fileEncoding = 4; lastKnownFileType = sourcecode.c.h; path = "UIImage+SJD.h"; sourceTree = "<group>"; };
		1803CDF31DDC41BC0063BC7F /* UIImage+SJD.m */ = {isa = PBXFileReference; fileEncoding = 4; lastKnownFileType = sourcecode.c.objc; path = "UIImage+SJD.m"; sourceTree = "<group>"; };
		1803CDF61DDC54AF0063BC7F /* ChangePageView.h */ = {isa = PBXFileReference; fileEncoding = 4; lastKnownFileType = sourcecode.c.h; path = ChangePageView.h; sourceTree = "<group>"; };
		1803CDF71DDC54AF0063BC7F /* ChangePageView.m */ = {isa = PBXFileReference; fileEncoding = 4; lastKnownFileType = sourcecode.c.objc; path = ChangePageView.m; sourceTree = "<group>"; };
		1803CDFA1DDC58B40063BC7F /* Info.plist */ = {isa = PBXFileReference; fileEncoding = 4; lastKnownFileType = text.plist.xml; path = Info.plist; sourceTree = "<group>"; };
		1803CDFB1DDC58B40063BC7F /* MASCompositeConstraint.h */ = {isa = PBXFileReference; fileEncoding = 4; lastKnownFileType = sourcecode.c.h; path = MASCompositeConstraint.h; sourceTree = "<group>"; };
		1803CDFC1DDC58B40063BC7F /* MASCompositeConstraint.m */ = {isa = PBXFileReference; fileEncoding = 4; lastKnownFileType = sourcecode.c.objc; path = MASCompositeConstraint.m; sourceTree = "<group>"; };
		1803CDFD1DDC58B40063BC7F /* MASConstraint+Private.h */ = {isa = PBXFileReference; fileEncoding = 4; lastKnownFileType = sourcecode.c.h; path = "MASConstraint+Private.h"; sourceTree = "<group>"; };
		1803CDFE1DDC58B40063BC7F /* MASConstraint.h */ = {isa = PBXFileReference; fileEncoding = 4; lastKnownFileType = sourcecode.c.h; path = MASConstraint.h; sourceTree = "<group>"; };
		1803CDFF1DDC58B40063BC7F /* MASConstraint.m */ = {isa = PBXFileReference; fileEncoding = 4; lastKnownFileType = sourcecode.c.objc; path = MASConstraint.m; sourceTree = "<group>"; };
		1803CE001DDC58B40063BC7F /* MASConstraintMaker.h */ = {isa = PBXFileReference; fileEncoding = 4; lastKnownFileType = sourcecode.c.h; path = MASConstraintMaker.h; sourceTree = "<group>"; };
		1803CE011DDC58B40063BC7F /* MASConstraintMaker.m */ = {isa = PBXFileReference; fileEncoding = 4; lastKnownFileType = sourcecode.c.objc; path = MASConstraintMaker.m; sourceTree = "<group>"; };
		1803CE021DDC58B40063BC7F /* MASLayoutConstraint.h */ = {isa = PBXFileReference; fileEncoding = 4; lastKnownFileType = sourcecode.c.h; path = MASLayoutConstraint.h; sourceTree = "<group>"; };
		1803CE031DDC58B40063BC7F /* MASLayoutConstraint.m */ = {isa = PBXFileReference; fileEncoding = 4; lastKnownFileType = sourcecode.c.objc; path = MASLayoutConstraint.m; sourceTree = "<group>"; };
		1803CE041DDC58B40063BC7F /* Masonry.h */ = {isa = PBXFileReference; fileEncoding = 4; lastKnownFileType = sourcecode.c.h; path = Masonry.h; sourceTree = "<group>"; };
		1803CE051DDC58B40063BC7F /* MASUtilities.h */ = {isa = PBXFileReference; fileEncoding = 4; lastKnownFileType = sourcecode.c.h; path = MASUtilities.h; sourceTree = "<group>"; };
		1803CE061DDC58B40063BC7F /* MASViewAttribute.h */ = {isa = PBXFileReference; fileEncoding = 4; lastKnownFileType = sourcecode.c.h; path = MASViewAttribute.h; sourceTree = "<group>"; };
		1803CE071DDC58B40063BC7F /* MASViewAttribute.m */ = {isa = PBXFileReference; fileEncoding = 4; lastKnownFileType = sourcecode.c.objc; path = MASViewAttribute.m; sourceTree = "<group>"; };
		1803CE081DDC58B40063BC7F /* MASViewConstraint.h */ = {isa = PBXFileReference; fileEncoding = 4; lastKnownFileType = sourcecode.c.h; path = MASViewConstraint.h; sourceTree = "<group>"; };
		1803CE091DDC58B40063BC7F /* MASViewConstraint.m */ = {isa = PBXFileReference; fileEncoding = 4; lastKnownFileType = sourcecode.c.objc; path = MASViewConstraint.m; sourceTree = "<group>"; };
		1803CE0A1DDC58B40063BC7F /* NSArray+MASAdditions.h */ = {isa = PBXFileReference; fileEncoding = 4; lastKnownFileType = sourcecode.c.h; path = "NSArray+MASAdditions.h"; sourceTree = "<group>"; };
		1803CE0B1DDC58B40063BC7F /* NSArray+MASAdditions.m */ = {isa = PBXFileReference; fileEncoding = 4; lastKnownFileType = sourcecode.c.objc; path = "NSArray+MASAdditions.m"; sourceTree = "<group>"; };
		1803CE0C1DDC58B40063BC7F /* NSArray+MASShorthandAdditions.h */ = {isa = PBXFileReference; fileEncoding = 4; lastKnownFileType = sourcecode.c.h; path = "NSArray+MASShorthandAdditions.h"; sourceTree = "<group>"; };
		1803CE0D1DDC58B40063BC7F /* NSLayoutConstraint+MASDebugAdditions.h */ = {isa = PBXFileReference; fileEncoding = 4; lastKnownFileType = sourcecode.c.h; path = "NSLayoutConstraint+MASDebugAdditions.h"; sourceTree = "<group>"; };
		1803CE0E1DDC58B40063BC7F /* NSLayoutConstraint+MASDebugAdditions.m */ = {isa = PBXFileReference; fileEncoding = 4; lastKnownFileType = sourcecode.c.objc; path = "NSLayoutConstraint+MASDebugAdditions.m"; sourceTree = "<group>"; };
		1803CE0F1DDC58B40063BC7F /* View+MASAdditions.h */ = {isa = PBXFileReference; fileEncoding = 4; lastKnownFileType = sourcecode.c.h; path = "View+MASAdditions.h"; sourceTree = "<group>"; };
		1803CE101DDC58B40063BC7F /* View+MASAdditions.m */ = {isa = PBXFileReference; fileEncoding = 4; lastKnownFileType = sourcecode.c.objc; path = "View+MASAdditions.m"; sourceTree = "<group>"; };
		1803CE111DDC58B40063BC7F /* View+MASShorthandAdditions.h */ = {isa = PBXFileReference; fileEncoding = 4; lastKnownFileType = sourcecode.c.h; path = "View+MASShorthandAdditions.h"; sourceTree = "<group>"; };
		1803CE121DDC58B40063BC7F /* ViewController+MASAdditions.h */ = {isa = PBXFileReference; fileEncoding = 4; lastKnownFileType = sourcecode.c.h; path = "ViewController+MASAdditions.h"; sourceTree = "<group>"; };
		1803CE131DDC58B40063BC7F /* ViewController+MASAdditions.m */ = {isa = PBXFileReference; fileEncoding = 4; lastKnownFileType = sourcecode.c.objc; path = "ViewController+MASAdditions.m"; sourceTree = "<group>"; };
		1803CE1F1DDC63FA0063BC7F /* LBToAppStore.h */ = {isa = PBXFileReference; fileEncoding = 4; lastKnownFileType = sourcecode.c.h; path = LBToAppStore.h; sourceTree = "<group>"; };
		1803CE201DDC63FA0063BC7F /* LBToAppStore.m */ = {isa = PBXFileReference; fileEncoding = 4; lastKnownFileType = sourcecode.c.objc; path = LBToAppStore.m; sourceTree = "<group>"; };
		18176FE91DE423EB00039857 /* EnumClass.h */ = {isa = PBXFileReference; fileEncoding = 4; lastKnownFileType = sourcecode.c.h; path = EnumClass.h; sourceTree = "<group>"; };
		18176FEA1DE423EB00039857 /* EnumClass.m */ = {isa = PBXFileReference; fileEncoding = 4; lastKnownFileType = sourcecode.c.objc; path = EnumClass.m; sourceTree = "<group>"; };
		182E323D1DDD4C130032648F /* CustomAlertView.h */ = {isa = PBXFileReference; fileEncoding = 4; lastKnownFileType = sourcecode.c.h; path = CustomAlertView.h; sourceTree = "<group>"; };
		182E323E1DDD4C130032648F /* CustomAlertView.m */ = {isa = PBXFileReference; fileEncoding = 4; lastKnownFileType = sourcecode.c.objc; path = CustomAlertView.m; sourceTree = "<group>"; };
		182E323F1DDD4C130032648F /* GBverifyButton.h */ = {isa = PBXFileReference; fileEncoding = 4; lastKnownFileType = sourcecode.c.h; path = GBverifyButton.h; sourceTree = "<group>"; };
		182E32401DDD4C130032648F /* GBverifyButton.m */ = {isa = PBXFileReference; fileEncoding = 4; lastKnownFileType = sourcecode.c.objc; path = GBverifyButton.m; sourceTree = "<group>"; };
		182E32431DDD53DA0032648F /* CirclePercent.h */ = {isa = PBXFileReference; fileEncoding = 4; lastKnownFileType = sourcecode.c.h; name = CirclePercent.h; path = "../UIAlertController+MYXG/CirclePercent.h"; sourceTree = "<group>"; };
		182E32441DDD53DA0032648F /* CirclePercent.m */ = {isa = PBXFileReference; fileEncoding = 4; lastKnownFileType = sourcecode.c.objc; name = CirclePercent.m; path = "../UIAlertController+MYXG/CirclePercent.m"; sourceTree = "<group>"; };
		1837F0BA1DE28EAF00FCF651 /* Tool.h */ = {isa = PBXFileReference; fileEncoding = 4; lastKnownFileType = sourcecode.c.h; path = Tool.h; sourceTree = "<group>"; };
		1837F0BB1DE28EAF00FCF651 /* Tool.m */ = {isa = PBXFileReference; fileEncoding = 4; lastKnownFileType = sourcecode.c.objc; path = Tool.m; sourceTree = "<group>"; };
		18EBC9961DDAE4B7000D02B8 /* Tools-Demo.app */ = {isa = PBXFileReference; explicitFileType = wrapper.application; includeInIndex = 0; path = "Tools-Demo.app"; sourceTree = BUILT_PRODUCTS_DIR; };
		18EBC99A1DDAE4B7000D02B8 /* main.m */ = {isa = PBXFileReference; lastKnownFileType = sourcecode.c.objc; path = main.m; sourceTree = "<group>"; };
		18EBC99C1DDAE4B7000D02B8 /* AppDelegate.h */ = {isa = PBXFileReference; lastKnownFileType = sourcecode.c.h; path = AppDelegate.h; sourceTree = "<group>"; };
		18EBC99D1DDAE4B7000D02B8 /* AppDelegate.m */ = {isa = PBXFileReference; lastKnownFileType = sourcecode.c.objc; path = AppDelegate.m; sourceTree = "<group>"; };
		18EBC9A31DDAE4B7000D02B8 /* Base */ = {isa = PBXFileReference; lastKnownFileType = file.storyboard; name = Base; path = Base.lproj/Main.storyboard; sourceTree = "<group>"; };
		18EBC9A51DDAE4B7000D02B8 /* Assets.xcassets */ = {isa = PBXFileReference; lastKnownFileType = folder.assetcatalog; path = Assets.xcassets; sourceTree = "<group>"; };
		18EBC9AA1DDAE4B7000D02B8 /* Info.plist */ = {isa = PBXFileReference; lastKnownFileType = text.plist.xml; path = Info.plist; sourceTree = "<group>"; };
		18EBC9B41DDAE777000D02B8 /* Launch.storyboard */ = {isa = PBXFileReference; fileEncoding = 4; lastKnownFileType = file.storyboard; path = Launch.storyboard; sourceTree = "<group>"; };
		18EBC9B61DDAEBC5000D02B8 /* Source.plist */ = {isa = PBXFileReference; fileEncoding = 4; lastKnownFileType = text.plist.xml; path = Source.plist; sourceTree = "<group>"; };
		18EBC9C81DDAFE5D000D02B8 /* PrefixHeader.pch */ = {isa = PBXFileReference; lastKnownFileType = sourcecode.c.h; name = PrefixHeader.pch; path = ../PrefixHeader.pch; sourceTree = "<group>"; };
/* End PBXFileReference section */

/* Begin PBXFrameworksBuildPhase section */
		18EBC9931DDAE4B7000D02B8 /* Frameworks */ = {
			isa = PBXFrameworksBuildPhase;
			buildActionMask = 2147483647;
			files = (
			);
			runOnlyForDeploymentPostprocessing = 0;
		};
/* End PBXFrameworksBuildPhase section */

/* Begin PBXGroup section */
		0429E6941DDB034A0077EA75 /* ShowController */ = {
			isa = PBXGroup;
			children = (
				0429E6971DDB034A0077EA75 /* ViewController.h */,
				0429E6981DDB034A0077EA75 /* ViewController.m */,
				0429E6951DDB034A0077EA75 /* UIViewController+Method.h */,
				0429E6961DDB034A0077EA75 /* UIViewController+Method.m */,
			);
			path = ShowController;
			sourceTree = "<group>";
		};
		0429E69B1DDB03520077EA75 /* Tools */ = {
			isa = PBXGroup;
			children = (
				18176FE81DE423D400039857 /* Enum */,
				1837F0B91DE28E8B00FCF651 /* Tool */,
				182E32461DDD577B0032648F /* CirclePercent */,
				182E323C1DDD4C0B0032648F /* CustomAlertView */,
				1803CDF51DDC548A0063BC7F /* ChangePageBtn */,
				1803CDEE1DDC41670063BC7F /* QRCode */,
				1803CDED1DDC39580063BC7F /* LBToAppStore */,
				1803CDE61DDC29EC0063BC7F /* MYXG-UpdateApp */,
				0429E69C1DDB03520077EA75 /* UIAlertController+MYXG */,
			);
			path = Tools;
			sourceTree = "<group>";
		};
		0429E69C1DDB03520077EA75 /* UIAlertController+MYXG */ = {
			isa = PBXGroup;
			children = (
				0429E69D1DDB03520077EA75 /* UIAlertController+MYXG.h */,
				0429E69E1DDB03520077EA75 /* UIAlertController+MYXG.m */,
			);
			path = "UIAlertController+MYXG";
			sourceTree = "<group>";
		};
		1803CDE61DDC29EC0063BC7F /* MYXG-UpdateApp */ = {
			isa = PBXGroup;
			children = (
				1803CDE71DDC2A030063BC7F /* MYXG-UpdateApp.h */,
				1803CDE81DDC2A030063BC7F /* MYXG-UpdateApp.m */,
			);
			path = "MYXG-UpdateApp";
			sourceTree = "<group>";
		};
		1803CDED1DDC39580063BC7F /* LBToAppStore */ = {
			isa = PBXGroup;
			children = (
				1803CE1F1DDC63FA0063BC7F /* LBToAppStore.h */,
				1803CE201DDC63FA0063BC7F /* LBToAppStore.m */,
			);
			path = LBToAppStore;
			sourceTree = "<group>";
		};
		1803CDEE1DDC41670063BC7F /* QRCode */ = {
			isa = PBXGroup;
			children = (
				1803CDEF1DDC417A0063BC7F /* SJDFilterTool.h */,
				1803CDF01DDC417A0063BC7F /* SJDFilterTool.m */,
				1803CDF21DDC41BC0063BC7F /* UIImage+SJD.h */,
				1803CDF31DDC41BC0063BC7F /* UIImage+SJD.m */,
			);
			path = QRCode;
			sourceTree = "<group>";
		};
		1803CDF51DDC548A0063BC7F /* ChangePageBtn */ = {
			isa = PBXGroup;
			children = (
				1803CDF61DDC54AF0063BC7F /* ChangePageView.h */,
				1803CDF71DDC54AF0063BC7F /* ChangePageView.m */,
			);
			path = ChangePageBtn;
			sourceTree = "<group>";
		};
		1803CDF91DDC58B40063BC7F /* Masonry */ = {
			isa = PBXGroup;
			children = (
				1803CDFA1DDC58B40063BC7F /* Info.plist */,
				1803CDFB1DDC58B40063BC7F /* MASCompositeConstraint.h */,
				1803CDFC1DDC58B40063BC7F /* MASCompositeConstraint.m */,
				1803CDFD1DDC58B40063BC7F /* MASConstraint+Private.h */,
				1803CDFE1DDC58B40063BC7F /* MASConstraint.h */,
				1803CDFF1DDC58B40063BC7F /* MASConstraint.m */,
				1803CE001DDC58B40063BC7F /* MASConstraintMaker.h */,
				1803CE011DDC58B40063BC7F /* MASConstraintMaker.m */,
				1803CE021DDC58B40063BC7F /* MASLayoutConstraint.h */,
				1803CE031DDC58B40063BC7F /* MASLayoutConstraint.m */,
				1803CE041DDC58B40063BC7F /* Masonry.h */,
				1803CE051DDC58B40063BC7F /* MASUtilities.h */,
				1803CE061DDC58B40063BC7F /* MASViewAttribute.h */,
				1803CE071DDC58B40063BC7F /* MASViewAttribute.m */,
				1803CE081DDC58B40063BC7F /* MASViewConstraint.h */,
				1803CE091DDC58B40063BC7F /* MASViewConstraint.m */,
				1803CE0A1DDC58B40063BC7F /* NSArray+MASAdditions.h */,
				1803CE0B1DDC58B40063BC7F /* NSArray+MASAdditions.m */,
				1803CE0C1DDC58B40063BC7F /* NSArray+MASShorthandAdditions.h */,
				1803CE0D1DDC58B40063BC7F /* NSLayoutConstraint+MASDebugAdditions.h */,
				1803CE0E1DDC58B40063BC7F /* NSLayoutConstraint+MASDebugAdditions.m */,
				1803CE0F1DDC58B40063BC7F /* View+MASAdditions.h */,
				1803CE101DDC58B40063BC7F /* View+MASAdditions.m */,
				1803CE111DDC58B40063BC7F /* View+MASShorthandAdditions.h */,
				1803CE121DDC58B40063BC7F /* ViewController+MASAdditions.h */,
				1803CE131DDC58B40063BC7F /* ViewController+MASAdditions.m */,
			);
			path = Masonry;
			sourceTree = "<group>";
		};
		18176FE81DE423D400039857 /* Enum */ = {
			isa = PBXGroup;
			children = (
				18176FE91DE423EB00039857 /* EnumClass.h */,
				18176FEA1DE423EB00039857 /* EnumClass.m */,
			);
			path = Enum;
			sourceTree = "<group>";
		};
		182E323C1DDD4C0B0032648F /* CustomAlertView */ = {
			isa = PBXGroup;
			children = (
				182E323D1DDD4C130032648F /* CustomAlertView.h */,
				182E323E1DDD4C130032648F /* CustomAlertView.m */,
				182E323F1DDD4C130032648F /* GBverifyButton.h */,
				182E32401DDD4C130032648F /* GBverifyButton.m */,
			);
			path = CustomAlertView;
			sourceTree = "<group>";
		};
		182E32461DDD577B0032648F /* CirclePercent */ = {
			isa = PBXGroup;
			children = (
				182E32431DDD53DA0032648F /* CirclePercent.h */,
				182E32441DDD53DA0032648F /* CirclePercent.m */,
			);
			path = CirclePercent;
			sourceTree = "<group>";
		};
		1837F0B91DE28E8B00FCF651 /* Tool */ = {
			isa = PBXGroup;
			children = (
				1837F0BA1DE28EAF00FCF651 /* Tool.h */,
				1837F0BB1DE28EAF00FCF651 /* Tool.m */,
			);
			path = Tool;
			sourceTree = "<group>";
		};
		18EBC98D1DDAE4B7000D02B8 = {
			isa = PBXGroup;
			children = (
				18EBC9981DDAE4B7000D02B8 /* Tools-Demo */,
				18EBC9971DDAE4B7000D02B8 /* Products */,
			);
			sourceTree = "<group>";
		};
		18EBC9971DDAE4B7000D02B8 /* Products */ = {
			isa = PBXGroup;
			children = (
				18EBC9961DDAE4B7000D02B8 /* Tools-Demo.app */,
			);
			name = Products;
			sourceTree = "<group>";
		};
		18EBC9981DDAE4B7000D02B8 /* Tools-Demo */ = {
			isa = PBXGroup;
			children = (
				1803CDF91DDC58B40063BC7F /* Masonry */,
				0429E69B1DDB03520077EA75 /* Tools */,
				0429E6941DDB034A0077EA75 /* ShowController */,
				18EBC99C1DDAE4B7000D02B8 /* AppDelegate.h */,
				18EBC99D1DDAE4B7000D02B8 /* AppDelegate.m */,
				18EBC9A21DDAE4B7000D02B8 /* Main.storyboard */,
				18EBC9B41DDAE777000D02B8 /* Launch.storyboard */,
				18EBC9A51DDAE4B7000D02B8 /* Assets.xcassets */,
				18EBC9991DDAE4B7000D02B8 /* Supporting Files */,
			);
			path = "Tools-Demo";
			sourceTree = "<group>";
		};
		18EBC9991DDAE4B7000D02B8 /* Supporting Files */ = {
			isa = PBXGroup;
			children = (
				18EBC9AA1DDAE4B7000D02B8 /* Info.plist */,
				18EBC9B61DDAEBC5000D02B8 /* Source.plist */,
				18EBC9C81DDAFE5D000D02B8 /* PrefixHeader.pch */,
				18EBC99A1DDAE4B7000D02B8 /* main.m */,
			);
			name = "Supporting Files";
			sourceTree = "<group>";
		};
/* End PBXGroup section */

/* Begin PBXNativeTarget section */
		18EBC9951DDAE4B7000D02B8 /* Tools-Demo */ = {
			isa = PBXNativeTarget;
			buildConfigurationList = 18EBC9AD1DDAE4B7000D02B8 /* Build configuration list for PBXNativeTarget "Tools-Demo" */;
			buildPhases = (
				18EBC9921DDAE4B7000D02B8 /* Sources */,
				18EBC9931DDAE4B7000D02B8 /* Frameworks */,
				18EBC9941DDAE4B7000D02B8 /* Resources */,
			);
			buildRules = (
			);
			dependencies = (
			);
			name = "Tools-Demo";
			productName = "Tools-Demo";
			productReference = 18EBC9961DDAE4B7000D02B8 /* Tools-Demo.app */;
			productType = "com.apple.product-type.application";
		};
/* End PBXNativeTarget section */

/* Begin PBXProject section */
		18EBC98E1DDAE4B7000D02B8 /* Project object */ = {
			isa = PBXProject;
			attributes = {
				LastUpgradeCheck = 0800;
				ORGANIZATIONNAME = tyw;
				TargetAttributes = {
					18EBC9951DDAE4B7000D02B8 = {
						CreatedOnToolsVersion = 8.0;
						ProvisioningStyle = Automatic;
					};
				};
			};
			buildConfigurationList = 18EBC9911DDAE4B7000D02B8 /* Build configuration list for PBXProject "Tools-Demo" */;
			compatibilityVersion = "Xcode 3.2";
			developmentRegion = English;
			hasScannedForEncodings = 0;
			knownRegions = (
				en,
				Base,
			);
			mainGroup = 18EBC98D1DDAE4B7000D02B8;
			productRefGroup = 18EBC9971DDAE4B7000D02B8 /* Products */;
			projectDirPath = "";
			projectRoot = "";
			targets = (
				18EBC9951DDAE4B7000D02B8 /* Tools-Demo */,
			);
		};
/* End PBXProject section */

/* Begin PBXResourcesBuildPhase section */
		18EBC9941DDAE4B7000D02B8 /* Resources */ = {
			isa = PBXResourcesBuildPhase;
			buildActionMask = 2147483647;
			files = (
				18EBC9A61DDAE4B7000D02B8 /* Assets.xcassets in Resources */,
				18EBC9A41DDAE4B7000D02B8 /* Main.storyboard in Resources */,
				18EBC9B51DDAE777000D02B8 /* Launch.storyboard in Resources */,
				1803CE141DDC58B40063BC7F /* Info.plist in Resources */,
				18EBC9B71DDAEBC5000D02B8 /* Source.plist in Resources */,
			);
			runOnlyForDeploymentPostprocessing = 0;
		};
/* End PBXResourcesBuildPhase section */

/* Begin PBXSourcesBuildPhase section */
		18EBC9921DDAE4B7000D02B8 /* Sources */ = {
			isa = PBXSourcesBuildPhase;
			buildActionMask = 2147483647;
			files = (
				1803CE1D1DDC58B40063BC7F /* View+MASAdditions.m in Sources */,
				1803CDF41DDC41BC0063BC7F /* UIImage+SJD.m in Sources */,
				0429E6991DDB034A0077EA75 /* UIViewController+Method.m in Sources */,
				18EBC99E1DDAE4B7000D02B8 /* AppDelegate.m in Sources */,
				0429E69A1DDB034A0077EA75 /* ViewController.m in Sources */,
				1803CDE91DDC2A040063BC7F /* MYXG-UpdateApp.m in Sources */,
				1803CE1E1DDC58B40063BC7F /* ViewController+MASAdditions.m in Sources */,
				1803CE191DDC58B40063BC7F /* MASViewAttribute.m in Sources */,
				1803CE151DDC58B40063BC7F /* MASCompositeConstraint.m in Sources */,
				1803CDF81DDC54AF0063BC7F /* ChangePageView.m in Sources */,
				18176FEB1DE423EB00039857 /* EnumClass.m in Sources */,
				1803CE171DDC58B40063BC7F /* MASConstraintMaker.m in Sources */,
				182E32421DDD4C130032648F /* GBverifyButton.m in Sources */,
				1803CE161DDC58B40063BC7F /* MASConstraint.m in Sources */,
				182E32411DDD4C130032648F /* CustomAlertView.m in Sources */,
				1803CE211DDC63FA0063BC7F /* LBToAppStore.m in Sources */,
				1837F0BC1DE28EAF00FCF651 /* Tool.m in Sources */,
				1803CE1C1DDC58B40063BC7F /* NSLayoutConstraint+MASDebugAdditions.m in Sources */,
				1803CE181DDC58B40063BC7F /* MASLayoutConstraint.m in Sources */,
				1803CE1B1DDC58B40063BC7F /* NSArray+MASAdditions.m in Sources */,
				0429E69F1DDB03520077EA75 /* UIAlertController+MYXG.m in Sources */,
				18EBC99B1DDAE4B7000D02B8 /* main.m in Sources */,
				1803CDF11DDC417A0063BC7F /* SJDFilterTool.m in Sources */,
				182E32451DDD53DA0032648F /* CirclePercent.m in Sources */,
				1803CE1A1DDC58B40063BC7F /* MASViewConstraint.m in Sources */,
			);
			runOnlyForDeploymentPostprocessing = 0;
		};
/* End PBXSourcesBuildPhase section */

/* Begin PBXVariantGroup section */
		18EBC9A21DDAE4B7000D02B8 /* Main.storyboard */ = {
			isa = PBXVariantGroup;
			children = (
				18EBC9A31DDAE4B7000D02B8 /* Base */,
			);
			name = Main.storyboard;
			sourceTree = "<group>";
		};
/* End PBXVariantGroup section */

/* Begin XCBuildConfiguration section */
		18EBC9AB1DDAE4B7000D02B8 /* Debug */ = {
			isa = XCBuildConfiguration;
			buildSettings = {
				ALWAYS_SEARCH_USER_PATHS = NO;
				CLANG_ANALYZER_NONNULL = YES;
				CLANG_CXX_LANGUAGE_STANDARD = "gnu++0x";
				CLANG_CXX_LIBRARY = "libc++";
				CLANG_ENABLE_MODULES = YES;
				CLANG_ENABLE_OBJC_ARC = YES;
				CLANG_WARN_BOOL_CONVERSION = YES;
				CLANG_WARN_CONSTANT_CONVERSION = YES;
				CLANG_WARN_DIRECT_OBJC_ISA_USAGE = YES_ERROR;
				CLANG_WARN_DOCUMENTATION_COMMENTS = YES;
				CLANG_WARN_EMPTY_BODY = YES;
				CLANG_WARN_ENUM_CONVERSION = YES;
				CLANG_WARN_INFINITE_RECURSION = YES;
				CLANG_WARN_INT_CONVERSION = YES;
				CLANG_WARN_OBJC_ROOT_CLASS = YES_ERROR;
				CLANG_WARN_SUSPICIOUS_MOVES = YES;
				CLANG_WARN_UNREACHABLE_CODE = YES;
				CLANG_WARN__DUPLICATE_METHOD_MATCH = YES;
				"CODE_SIGN_IDENTITY[sdk=iphoneos*]" = "iPhone Developer";
				COPY_PHASE_STRIP = NO;
				DEBUG_INFORMATION_FORMAT = dwarf;
				ENABLE_STRICT_OBJC_MSGSEND = YES;
				ENABLE_TESTABILITY = YES;
				GCC_C_LANGUAGE_STANDARD = gnu99;
				GCC_DYNAMIC_NO_PIC = NO;
				GCC_NO_COMMON_BLOCKS = YES;
				GCC_OPTIMIZATION_LEVEL = 0;
				GCC_PREPROCESSOR_DEFINITIONS = (
					"DEBUG=1",
					"$(inherited)",
				);
				GCC_WARN_64_TO_32_BIT_CONVERSION = YES;
				GCC_WARN_ABOUT_RETURN_TYPE = YES_ERROR;
				GCC_WARN_UNDECLARED_SELECTOR = YES;
				GCC_WARN_UNINITIALIZED_AUTOS = YES_AGGRESSIVE;
				GCC_WARN_UNUSED_FUNCTION = YES;
				GCC_WARN_UNUSED_VARIABLE = YES;
				IPHONEOS_DEPLOYMENT_TARGET = 10.0;
				MTL_ENABLE_DEBUG_INFO = YES;
				ONLY_ACTIVE_ARCH = YES;
				SDKROOT = iphoneos;
				TARGETED_DEVICE_FAMILY = "1,2";
			};
			name = Debug;
		};
		18EBC9AC1DDAE4B7000D02B8 /* Release */ = {
			isa = XCBuildConfiguration;
			buildSettings = {
				ALWAYS_SEARCH_USER_PATHS = NO;
				CLANG_ANALYZER_NONNULL = YES;
				CLANG_CXX_LANGUAGE_STANDARD = "gnu++0x";
				CLANG_CXX_LIBRARY = "libc++";
				CLANG_ENABLE_MODULES = YES;
				CLANG_ENABLE_OBJC_ARC = YES;
				CLANG_WARN_BOOL_CONVERSION = YES;
				CLANG_WARN_CONSTANT_CONVERSION = YES;
				CLANG_WARN_DIRECT_OBJC_ISA_USAGE = YES_ERROR;
				CLANG_WARN_DOCUMENTATION_COMMENTS = YES;
				CLANG_WARN_EMPTY_BODY = YES;
				CLANG_WARN_ENUM_CONVERSION = YES;
				CLANG_WARN_INFINITE_RECURSION = YES;
				CLANG_WARN_INT_CONVERSION = YES;
				CLANG_WARN_OBJC_ROOT_CLASS = YES_ERROR;
				CLANG_WARN_SUSPICIOUS_MOVES = YES;
				CLANG_WARN_UNREACHABLE_CODE = YES;
				CLANG_WARN__DUPLICATE_METHOD_MATCH = YES;
				"CODE_SIGN_IDENTITY[sdk=iphoneos*]" = "iPhone Developer";
				COPY_PHASE_STRIP = NO;
				DEBUG_INFORMATION_FORMAT = "dwarf-with-dsym";
				ENABLE_NS_ASSERTIONS = NO;
				ENABLE_STRICT_OBJC_MSGSEND = YES;
				GCC_C_LANGUAGE_STANDARD = gnu99;
				GCC_NO_COMMON_BLOCKS = YES;
				GCC_WARN_64_TO_32_BIT_CONVERSION = YES;
				GCC_WARN_ABOUT_RETURN_TYPE = YES_ERROR;
				GCC_WARN_UNDECLARED_SELECTOR = YES;
				GCC_WARN_UNINITIALIZED_AUTOS = YES_AGGRESSIVE;
				GCC_WARN_UNUSED_FUNCTION = YES;
				GCC_WARN_UNUSED_VARIABLE = YES;
				IPHONEOS_DEPLOYMENT_TARGET = 10.0;
				MTL_ENABLE_DEBUG_INFO = NO;
				SDKROOT = iphoneos;
				TARGETED_DEVICE_FAMILY = "1,2";
				VALIDATE_PRODUCT = YES;
			};
			name = Release;
		};
		18EBC9AE1DDAE4B7000D02B8 /* Debug */ = {
			isa = XCBuildConfiguration;
			buildSettings = {
				ASSETCATALOG_COMPILER_APPICON_NAME = AppIcon;
				GCC_PREFIX_HEADER = "$(SRCROOT)/PrefixHeader.pch";
				INFOPLIST_FILE = "Tools-Demo/Info.plist";
				IPHONEOS_DEPLOYMENT_TARGET = 8.0;
				LD_RUNPATH_SEARCH_PATHS = "$(inherited) @executable_path/Frameworks";
				PRODUCT_BUNDLE_IDENTIFIER = com.tyw.tools;
				PRODUCT_NAME = "$(TARGET_NAME)";
			};
			name = Debug;
		};
		18EBC9AF1DDAE4B7000D02B8 /* Release */ = {
			isa = XCBuildConfiguration;
			buildSettings = {
				ASSETCATALOG_COMPILER_APPICON_NAME = AppIcon;
				GCC_PREFIX_HEADER = "$(SRCROOT)/PrefixHeader.pch";
				INFOPLIST_FILE = "Tools-Demo/Info.plist";
				IPHONEOS_DEPLOYMENT_TARGET = 8.0;
				LD_RUNPATH_SEARCH_PATHS = "$(inherited) @executable_path/Frameworks";
				PRODUCT_BUNDLE_IDENTIFIER = com.tyw.tools;
				PRODUCT_NAME = "$(TARGET_NAME)";
			};
			name = Release;
		};
/* End XCBuildConfiguration section */

/* Begin XCConfigurationList section */
		18EBC9911DDAE4B7000D02B8 /* Build configuration list for PBXProject "Tools-Demo" */ = {
			isa = XCConfigurationList;
			buildConfigurations = (
				18EBC9AB1DDAE4B7000D02B8 /* Debug */,
				18EBC9AC1DDAE4B7000D02B8 /* Release */,
			);
			defaultConfigurationIsVisible = 0;
			defaultConfigurationName = Release;
		};
		18EBC9AD1DDAE4B7000D02B8 /* Build configuration list for PBXNativeTarget "Tools-Demo" */ = {
			isa = XCConfigurationList;
			buildConfigurations = (
				18EBC9AE1DDAE4B7000D02B8 /* Debug */,
				18EBC9AF1DDAE4B7000D02B8 /* Release */,
			);
			defaultConfigurationIsVisible = 0;
			defaultConfigurationName = Release;
		};
/* End XCConfigurationList section */
	};
	rootObject = 18EBC98E1DDAE4B7000D02B8 /* Project object */;
}
